// !$*UTF8*$!
{
	archiveVersion = 1;
	classes = {
	};
	objectVersion = 56;
	objects = {

/* Begin PBXBuildFile section */
		220DFA3B29EBEB22003297ED /* AddEditBook.swift in Sources */ = {isa = PBXBuildFile; fileRef = 220DFA3A29EBEB22003297ED /* AddEditBook.swift */; };
		220DFA3E29EBF013003297ED /* BookDetailView.swift in Sources */ = {isa = PBXBuildFile; fileRef = 220DFA3D29EBF013003297ED /* BookDetailView.swift */; };
		220DFA4229EC0DA5003297ED /* Config.sample.xcconfig in Resources */ = {isa = PBXBuildFile; fileRef = 220DFA4129EC0DA5003297ED /* Config.sample.xcconfig */; };
		220DFA4529EC0E6B003297ED /* ConfigStore.swift in Sources */ = {isa = PBXBuildFile; fileRef = 220DFA4429EC0E6B003297ED /* ConfigStore.swift */; };
		22232FA229EB7E8200B48930 /* Book.swift in Sources */ = {isa = PBXBuildFile; fileRef = 22232FA129EB7E8200B48930 /* Book.swift */; };
		22232FA629EBCA0A00B48930 /* RealmManager.swift in Sources */ = {isa = PBXBuildFile; fileRef = 22232FA529EBCA0A00B48930 /* RealmManager.swift */; };
		22D77A3229EB7D5200944765 /* RealmTestingApp.swift in Sources */ = {isa = PBXBuildFile; fileRef = 22D77A3129EB7D5200944765 /* RealmTestingApp.swift */; };
		22D77A3429EB7D5200944765 /* BookListView.swift in Sources */ = {isa = PBXBuildFile; fileRef = 22D77A3329EB7D5200944765 /* BookListView.swift */; };
		22D77A3629EB7D5300944765 /* Assets.xcassets in Resources */ = {isa = PBXBuildFile; fileRef = 22D77A3529EB7D5300944765 /* Assets.xcassets */; };
		22D77A3929EB7D5300944765 /* Preview Assets.xcassets in Resources */ = {isa = PBXBuildFile; fileRef = 22D77A3829EB7D5300944765 /* Preview Assets.xcassets */; };
		22D77A4129EB7E1900944765 /* Realm in Frameworks */ = {isa = PBXBuildFile; productRef = 22D77A4029EB7E1900944765 /* Realm */; };
		22D77A4329EB7E1900944765 /* RealmSwift in Frameworks */ = {isa = PBXBuildFile; productRef = 22D77A4229EB7E1900944765 /* RealmSwift */; };
/* End PBXBuildFile section */

/* Begin PBXFileReference section */
		220DFA3A29EBEB22003297ED /* AddEditBook.swift */ = {isa = PBXFileReference; lastKnownFileType = sourcecode.swift; path = AddEditBook.swift; sourceTree = "<group>"; };
		220DFA3D29EBF013003297ED /* BookDetailView.swift */ = {isa = PBXFileReference; lastKnownFileType = sourcecode.swift; path = BookDetailView.swift; sourceTree = "<group>"; };
		220DFA4029EC0D5A003297ED /* Config.xcconfig */ = {isa = PBXFileReference; lastKnownFileType = text.xcconfig; path = Config.xcconfig; sourceTree = "<group>"; };
		220DFA4129EC0DA5003297ED /* Config.sample.xcconfig */ = {isa = PBXFileReference; fileEncoding = 4; lastKnownFileType = text.xcconfig; path = Config.sample.xcconfig; sourceTree = "<group>"; };
		220DFA4329EC0E2A003297ED /* Info.plist */ = {isa = PBXFileReference; lastKnownFileType = text.plist; path = Info.plist; sourceTree = "<group>"; };
		220DFA4429EC0E6B003297ED /* ConfigStore.swift */ = {isa = PBXFileReference; lastKnownFileType = sourcecode.swift; path = ConfigStore.swift; sourceTree = "<group>"; };
		22232FA129EB7E8200B48930 /* Book.swift */ = {isa = PBXFileReference; lastKnownFileType = sourcecode.swift; path = Book.swift; sourceTree = "<group>"; };
		22232FA329EB8CC200B48930 /* realm-testing.entitlements */ = {isa = PBXFileReference; lastKnownFileType = text.plist.entitlements; path = "realm-testing.entitlements"; sourceTree = "<group>"; };
		22232FA529EBCA0A00B48930 /* RealmManager.swift */ = {isa = PBXFileReference; lastKnownFileType = sourcecode.swift; path = RealmManager.swift; sourceTree = "<group>"; };
		22D77A2E29EB7D5200944765 /* RealmSync iOS.app */ = {isa = PBXFileReference; explicitFileType = wrapper.application; includeInIndex = 0; path = "RealmSync iOS.app"; sourceTree = BUILT_PRODUCTS_DIR; };
		22D77A3129EB7D5200944765 /* RealmTestingApp.swift */ = {isa = PBXFileReference; lastKnownFileType = sourcecode.swift; path = RealmTestingApp.swift; sourceTree = "<group>"; };
		22D77A3329EB7D5200944765 /* BookListView.swift */ = {isa = PBXFileReference; lastKnownFileType = sourcecode.swift; path = BookListView.swift; sourceTree = "<group>"; };
		22D77A3529EB7D5300944765 /* Assets.xcassets */ = {isa = PBXFileReference; lastKnownFileType = folder.assetcatalog; path = Assets.xcassets; sourceTree = "<group>"; };
		22D77A3829EB7D5300944765 /* Preview Assets.xcassets */ = {isa = PBXFileReference; lastKnownFileType = folder.assetcatalog; path = "Preview Assets.xcassets"; sourceTree = "<group>"; };
/* End PBXFileReference section */

/* Begin PBXFrameworksBuildPhase section */
		22D77A2B29EB7D5200944765 /* Frameworks */ = {
			isa = PBXFrameworksBuildPhase;
			buildActionMask = 2147483647;
			files = (
				22D77A4329EB7E1900944765 /* RealmSwift in Frameworks */,
				22D77A4129EB7E1900944765 /* Realm in Frameworks */,
			);
			runOnlyForDeploymentPostprocessing = 0;
		};
/* End PBXFrameworksBuildPhase section */

/* Begin PBXGroup section */
		220DFA3929EBEB13003297ED /* AddEditBook */ = {
			isa = PBXGroup;
			children = (
				220DFA3A29EBEB22003297ED /* AddEditBook.swift */,
			);
			path = AddEditBook;
			sourceTree = "<group>";
		};
		220DFA3C29EBF008003297ED /* BookDetailView */ = {
			isa = PBXGroup;
			children = (
				220DFA3D29EBF013003297ED /* BookDetailView.swift */,
			);
			path = BookDetailView;
			sourceTree = "<group>";
		};
		22232F9E29EB7E6500B48930 /* model */ = {
			isa = PBXGroup;
			children = (
				22232FA129EB7E8200B48930 /* Book.swift */,
			);
			path = model;
			sourceTree = "<group>";
		};
		22232FA429EBC9FE00B48930 /* managers */ = {
			isa = PBXGroup;
			children = (
				22232FA529EBCA0A00B48930 /* RealmManager.swift */,
			);
			path = managers;
			sourceTree = "<group>";
		};
		22D77A2529EB7D5200944765 = {
			isa = PBXGroup;
			children = (
				22D77A3029EB7D5200944765 /* realm-testing */,
				22D77A2F29EB7D5200944765 /* Products */,
			);
			sourceTree = "<group>";
		};
		22D77A2F29EB7D5200944765 /* Products */ = {
			isa = PBXGroup;
			children = (
				22D77A2E29EB7D5200944765 /* RealmSync iOS.app */,
			);
			name = Products;
			sourceTree = "<group>";
		};
		22D77A3029EB7D5200944765 /* realm-testing */ = {
			isa = PBXGroup;
			children = (
				220DFA4329EC0E2A003297ED /* Info.plist */,
				220DFA3C29EBF008003297ED /* BookDetailView */,
				220DFA3929EBEB13003297ED /* AddEditBook */,
				22232FA429EBC9FE00B48930 /* managers */,
				22232FA329EB8CC200B48930 /* realm-testing.entitlements */,
				22232F9E29EB7E6500B48930 /* model */,
				22D77A3129EB7D5200944765 /* RealmTestingApp.swift */,
				22D77A3329EB7D5200944765 /* BookListView.swift */,
				22D77A3529EB7D5300944765 /* Assets.xcassets */,
				22D77A3729EB7D5300944765 /* Preview Content */,
				220DFA4029EC0D5A003297ED /* Config.xcconfig */,
				220DFA4129EC0DA5003297ED /* Config.sample.xcconfig */,
				220DFA4429EC0E6B003297ED /* ConfigStore.swift */,
			);
			path = "realm-testing";
			sourceTree = "<group>";
		};
		22D77A3729EB7D5300944765 /* Preview Content */ = {
			isa = PBXGroup;
			children = (
				22D77A3829EB7D5300944765 /* Preview Assets.xcassets */,
			);
			path = "Preview Content";
			sourceTree = "<group>";
		};
/* End PBXGroup section */

/* Begin PBXNativeTarget section */
		22D77A2D29EB7D5200944765 /* RealmSync iOS */ = {
			isa = PBXNativeTarget;
			buildConfigurationList = 22D77A3C29EB7D5300944765 /* Build configuration list for PBXNativeTarget "RealmSync iOS" */;
			buildPhases = (
				22D77A2A29EB7D5200944765 /* Sources */,
				22D77A2B29EB7D5200944765 /* Frameworks */,
				22D77A2C29EB7D5200944765 /* Resources */,
			);
			buildRules = (
			);
			dependencies = (
			);
			name = "RealmSync iOS";
			packageProductDependencies = (
				22D77A4029EB7E1900944765 /* Realm */,
				22D77A4229EB7E1900944765 /* RealmSwift */,
			);
			productName = "realm-testing";
			productReference = 22D77A2E29EB7D5200944765 /* RealmSync iOS.app */;
			productType = "com.apple.product-type.application";
		};
/* End PBXNativeTarget section */

/* Begin PBXProject section */
		22D77A2629EB7D5200944765 /* Project object */ = {
			isa = PBXProject;
			attributes = {
				BuildIndependentTargetsInParallel = 1;
				LastSwiftUpdateCheck = 1430;
				LastUpgradeCheck = 1430;
				TargetAttributes = {
					22D77A2D29EB7D5200944765 = {
						CreatedOnToolsVersion = 14.3;
					};
				};
			};
			buildConfigurationList = 22D77A2929EB7D5200944765 /* Build configuration list for PBXProject "realm-testing" */;
			compatibilityVersion = "Xcode 14.0";
			developmentRegion = en;
			hasScannedForEncodings = 0;
			knownRegions = (
				en,
				Base,
			);
			mainGroup = 22D77A2529EB7D5200944765;
			packageReferences = (
				22D77A3F29EB7E1900944765 /* XCRemoteSwiftPackageReference "realm-swift" */,
			);
			productRefGroup = 22D77A2F29EB7D5200944765 /* Products */;
			projectDirPath = "";
			projectRoot = "";
			targets = (
				22D77A2D29EB7D5200944765 /* RealmSync iOS */,
			);
		};
/* End PBXProject section */

/* Begin PBXResourcesBuildPhase section */
		22D77A2C29EB7D5200944765 /* Resources */ = {
			isa = PBXResourcesBuildPhase;
			buildActionMask = 2147483647;
			files = (
				22D77A3929EB7D5300944765 /* Preview Assets.xcassets in Resources */,
				22D77A3629EB7D5300944765 /* Assets.xcassets in Resources */,
				220DFA4229EC0DA5003297ED /* Config.sample.xcconfig in Resources */,
			);
			runOnlyForDeploymentPostprocessing = 0;
		};
/* End PBXResourcesBuildPhase section */

/* Begin PBXSourcesBuildPhase section */
		22D77A2A29EB7D5200944765 /* Sources */ = {
			isa = PBXSourcesBuildPhase;
			buildActionMask = 2147483647;
			files = (
				22D77A3429EB7D5200944765 /* BookListView.swift in Sources */,
				22232FA629EBCA0A00B48930 /* RealmManager.swift in Sources */,
				220DFA3B29EBEB22003297ED /* AddEditBook.swift in Sources */,
				220DFA4529EC0E6B003297ED /* ConfigStore.swift in Sources */,
				22D77A3229EB7D5200944765 /* RealmTestingApp.swift in Sources */,
				220DFA3E29EBF013003297ED /* BookDetailView.swift in Sources */,
				22232FA229EB7E8200B48930 /* Book.swift in Sources */,
			);
			runOnlyForDeploymentPostprocessing = 0;
		};
/* End PBXSourcesBuildPhase section */

/* Begin XCBuildConfiguration section */
		22D77A3A29EB7D5300944765 /* Debug */ = {
			isa = XCBuildConfiguration;
			baseConfigurationReference = 220DFA4029EC0D5A003297ED /* Config.xcconfig */;
			buildSettings = {
				ALWAYS_SEARCH_USER_PATHS = NO;
				CLANG_ANALYZER_NONNULL = YES;
				CLANG_ANALYZER_NUMBER_OBJECT_CONVERSION = YES_AGGRESSIVE;
				CLANG_CXX_LANGUAGE_STANDARD = "gnu++20";
				CLANG_ENABLE_MODULES = YES;
				CLANG_ENABLE_OBJC_ARC = YES;
				CLANG_ENABLE_OBJC_WEAK = YES;
				CLANG_WARN_BLOCK_CAPTURE_AUTORELEASING = YES;
				CLANG_WARN_BOOL_CONVERSION = YES;
				CLANG_WARN_COMMA = YES;
				CLANG_WARN_CONSTANT_CONVERSION = YES;
				CLANG_WARN_DEPRECATED_OBJC_IMPLEMENTATIONS = YES;
				CLANG_WARN_DIRECT_OBJC_ISA_USAGE = YES_ERROR;
				CLANG_WARN_DOCUMENTATION_COMMENTS = YES;
				CLANG_WARN_EMPTY_BODY = YES;
				CLANG_WARN_ENUM_CONVERSION = YES;
				CLANG_WARN_INFINITE_RECURSION = YES;
				CLANG_WARN_INT_CONVERSION = YES;
				CLANG_WARN_NON_LITERAL_NULL_CONVERSION = YES;
				CLANG_WARN_OBJC_IMPLICIT_RETAIN_SELF = YES;
				CLANG_WARN_OBJC_LITERAL_CONVERSION = YES;
				CLANG_WARN_OBJC_ROOT_CLASS = YES_ERROR;
				CLANG_WARN_QUOTED_INCLUDE_IN_FRAMEWORK_HEADER = YES;
				CLANG_WARN_RANGE_LOOP_ANALYSIS = YES;
				CLANG_WARN_STRICT_PROTOTYPES = YES;
				CLANG_WARN_SUSPICIOUS_MOVE = YES;
				CLANG_WARN_UNGUARDED_AVAILABILITY = YES_AGGRESSIVE;
				CLANG_WARN_UNREACHABLE_CODE = YES;
				CLANG_WARN__DUPLICATE_METHOD_MATCH = YES;
				COPY_PHASE_STRIP = NO;
				DEBUG_INFORMATION_FORMAT = dwarf;
				ENABLE_STRICT_OBJC_MSGSEND = YES;
				ENABLE_TESTABILITY = YES;
				GCC_C_LANGUAGE_STANDARD = gnu11;
				GCC_DYNAMIC_NO_PIC = NO;
				GCC_NO_COMMON_BLOCKS = YES;
				GCC_OPTIMIZATION_LEVEL = 0;
				GCC_PREPROCESSOR_DEFINITIONS = (
					"DEBUG=1",
					"$(inherited)",
				);
				GCC_WARN_64_TO_32_BIT_CONVERSION = YES;
				GCC_WARN_ABOUT_RETURN_TYPE = YES_ERROR;
				GCC_WARN_UNDECLARED_SELECTOR = YES;
				GCC_WARN_UNINITIALIZED_AUTOS = YES_AGGRESSIVE;
				GCC_WARN_UNUSED_FUNCTION = YES;
				GCC_WARN_UNUSED_VARIABLE = YES;
				IPHONEOS_DEPLOYMENT_TARGET = 16.4;
				MTL_ENABLE_DEBUG_INFO = INCLUDE_SOURCE;
				MTL_FAST_MATH = YES;
				ONLY_ACTIVE_ARCH = YES;
				SDKROOT = iphoneos;
				SWIFT_ACTIVE_COMPILATION_CONDITIONS = DEBUG;
				SWIFT_OPTIMIZATION_LEVEL = "-Onone";
			};
			name = Debug;
		};
		22D77A3B29EB7D5300944765 /* Release */ = {
			isa = XCBuildConfiguration;
			baseConfigurationReference = 220DFA4029EC0D5A003297ED /* Config.xcconfig */;
			buildSettings = {
				ALWAYS_SEARCH_USER_PATHS = NO;
				CLANG_ANALYZER_NONNULL = YES;
				CLANG_ANALYZER_NUMBER_OBJECT_CONVERSION = YES_AGGRESSIVE;
				CLANG_CXX_LANGUAGE_STANDARD = "gnu++20";
				CLANG_ENABLE_MODULES = YES;
				CLANG_ENABLE_OBJC_ARC = YES;
				CLANG_ENABLE_OBJC_WEAK = YES;
				CLANG_WARN_BLOCK_CAPTURE_AUTORELEASING = YES;
				CLANG_WARN_BOOL_CONVERSION = YES;
				CLANG_WARN_COMMA = YES;
				CLANG_WARN_CONSTANT_CONVERSION = YES;
				CLANG_WARN_DEPRECATED_OBJC_IMPLEMENTATIONS = YES;
				CLANG_WARN_DIRECT_OBJC_ISA_USAGE = YES_ERROR;
				CLANG_WARN_DOCUMENTATION_COMMENTS = YES;
				CLANG_WARN_EMPTY_BODY = YES;
				CLANG_WARN_ENUM_CONVERSION = YES;
				CLANG_WARN_INFINITE_RECURSION = YES;
				CLANG_WARN_INT_CONVERSION = YES;
				CLANG_WARN_NON_LITERAL_NULL_CONVERSION = YES;
				CLANG_WARN_OBJC_IMPLICIT_RETAIN_SELF = YES;
				CLANG_WARN_OBJC_LITERAL_CONVERSION = YES;
				CLANG_WARN_OBJC_ROOT_CLASS = YES_ERROR;
				CLANG_WARN_QUOTED_INCLUDE_IN_FRAMEWORK_HEADER = YES;
				CLANG_WARN_RANGE_LOOP_ANALYSIS = YES;
				CLANG_WARN_STRICT_PROTOTYPES = YES;
				CLANG_WARN_SUSPICIOUS_MOVE = YES;
				CLANG_WARN_UNGUARDED_AVAILABILITY = YES_AGGRESSIVE;
				CLANG_WARN_UNREACHABLE_CODE = YES;
				CLANG_WARN__DUPLICATE_METHOD_MATCH = YES;
				COPY_PHASE_STRIP = NO;
				DEBUG_INFORMATION_FORMAT = "dwarf-with-dsym";
				ENABLE_NS_ASSERTIONS = NO;
				ENABLE_STRICT_OBJC_MSGSEND = YES;
				GCC_C_LANGUAGE_STANDARD = gnu11;
				GCC_NO_COMMON_BLOCKS = YES;
				GCC_WARN_64_TO_32_BIT_CONVERSION = YES;
				GCC_WARN_ABOUT_RETURN_TYPE = YES_ERROR;
				GCC_WARN_UNDECLARED_SELECTOR = YES;
				GCC_WARN_UNINITIALIZED_AUTOS = YES_AGGRESSIVE;
				GCC_WARN_UNUSED_FUNCTION = YES;
				GCC_WARN_UNUSED_VARIABLE = YES;
				IPHONEOS_DEPLOYMENT_TARGET = 16.4;
				MTL_ENABLE_DEBUG_INFO = NO;
				MTL_FAST_MATH = YES;
				SDKROOT = iphoneos;
				SWIFT_COMPILATION_MODE = wholemodule;
				SWIFT_OPTIMIZATION_LEVEL = "-O";
				VALIDATE_PRODUCT = YES;
			};
			name = Release;
		};
		22D77A3D29EB7D5300944765 /* Debug */ = {
			isa = XCBuildConfiguration;
			buildSettings = {
				ASSETCATALOG_COMPILER_APPICON_NAME = AppIcon;
				ASSETCATALOG_COMPILER_GLOBAL_ACCENT_COLOR_NAME = AccentColor;
				CODE_SIGN_ENTITLEMENTS = "realm-testing/realm-testing.entitlements";
				CODE_SIGN_STYLE = Automatic;
				CURRENT_PROJECT_VERSION = 1;
				DEVELOPMENT_ASSET_PATHS = "\"realm-testing/Preview Content\"";
				DEVELOPMENT_TEAM = N5B3FJPB8K;
				ENABLE_PREVIEWS = YES;
				GENERATE_INFOPLIST_FILE = YES;
				INFOPLIST_FILE = "realm-testing/Info.plist";
				INFOPLIST_KEY_CFBundleDisplayName = RealmSync;
				INFOPLIST_KEY_UIApplicationSceneManifest_Generation = YES;
				INFOPLIST_KEY_UIApplicationSupportsIndirectInputEvents = YES;
				INFOPLIST_KEY_UILaunchScreen_Generation = YES;
				INFOPLIST_KEY_UISupportedInterfaceOrientations_iPad = "UIInterfaceOrientationPortrait UIInterfaceOrientationPortraitUpsideDown UIInterfaceOrientationLandscapeLeft UIInterfaceOrientationLandscapeRight";
				INFOPLIST_KEY_UISupportedInterfaceOrientations_iPhone = "UIInterfaceOrientationPortrait UIInterfaceOrientationLandscapeLeft UIInterfaceOrientationLandscapeRight";
				IPHONEOS_DEPLOYMENT_TARGET = 16.0;
				LD_RUNPATH_SEARCH_PATHS = (
					"$(inherited)",
					"@executable_path/Frameworks",
				);
				MARKETING_VERSION = 1.0;
				PRODUCT_BUNDLE_IDENTIFIER = com.sjd.RealmTesting;
				PRODUCT_NAME = "$(TARGET_NAME)";
				SWIFT_EMIT_LOC_STRINGS = YES;
				SWIFT_VERSION = 5.0;
				TARGETED_DEVICE_FAMILY = "1,2";
			};
			name = Debug;
		};
		22D77A3E29EB7D5300944765 /* Release */ = {
			isa = XCBuildConfiguration;
			buildSettings = {
				ASSETCATALOG_COMPILER_APPICON_NAME = AppIcon;
				ASSETCATALOG_COMPILER_GLOBAL_ACCENT_COLOR_NAME = AccentColor;
				CODE_SIGN_ENTITLEMENTS = "realm-testing/realm-testing.entitlements";
				CODE_SIGN_STYLE = Automatic;
				CURRENT_PROJECT_VERSION = 1;
				DEVELOPMENT_ASSET_PATHS = "\"realm-testing/Preview Content\"";
				DEVELOPMENT_TEAM = N5B3FJPB8K;
				ENABLE_PREVIEWS = YES;
				GENERATE_INFOPLIST_FILE = YES;
				INFOPLIST_FILE = "realm-testing/Info.plist";
				INFOPLIST_KEY_CFBundleDisplayName = RealmSync;
				INFOPLIST_KEY_UIApplicationSceneManifest_Generation = YES;
				INFOPLIST_KEY_UIApplicationSupportsIndirectInputEvents = YES;
				INFOPLIST_KEY_UILaunchScreen_Generation = YES;
				INFOPLIST_KEY_UISupportedInterfaceOrientations_iPad = "UIInterfaceOrientationPortrait UIInterfaceOrientationPortraitUpsideDown UIInterfaceOrientationLandscapeLeft UIInterfaceOrientationLandscapeRight";
				INFOPLIST_KEY_UISupportedInterfaceOrientations_iPhone = "UIInterfaceOrientationPortrait UIInterfaceOrientationLandscapeLeft UIInterfaceOrientationLandscapeRight";
				IPHONEOS_DEPLOYMENT_TARGET = 16.0;
				LD_RUNPATH_SEARCH_PATHS = (
					"$(inherited)",
					"@executable_path/Frameworks",
				);
				MARKETING_VERSION = 1.0;
				PRODUCT_BUNDLE_IDENTIFIER = com.sjd.RealmTesting;
				PRODUCT_NAME = "$(TARGET_NAME)";
				SWIFT_EMIT_LOC_STRINGS = YES;
				SWIFT_VERSION = 5.0;
				TARGETED_DEVICE_FAMILY = "1,2";
			};
			name = Release;
		};
/* End XCBuildConfiguration section */

/* Begin XCConfigurationList section */
		22D77A2929EB7D5200944765 /* Build configuration list for PBXProject "realm-testing" */ = {
			isa = XCConfigurationList;
			buildConfigurations = (
				22D77A3A29EB7D5300944765 /* Debug */,
				22D77A3B29EB7D5300944765 /* Release */,
			);
			defaultConfigurationIsVisible = 0;
			defaultConfigurationName = Release;
		};
		22D77A3C29EB7D5300944765 /* Build configuration list for PBXNativeTarget "RealmSync iOS" */ = {
			isa = XCConfigurationList;
			buildConfigurations = (
				22D77A3D29EB7D5300944765 /* Debug */,
				22D77A3E29EB7D5300944765 /* Release */,
			);
			defaultConfigurationIsVisible = 0;
			defaultConfigurationName = Release;
		};
/* End XCConfigurationList section */

/* Begin XCRemoteSwiftPackageReference section */
		22D77A3F29EB7E1900944765 /* XCRemoteSwiftPackageReference "realm-swift" */ = {
			isa = XCRemoteSwiftPackageReference;
			repositoryURL = "https://github.com/realm/realm-swift.git";
			requirement = {
				kind = upToNextMinorVersion;
				minimumVersion = 10.38.0;
			};
		};
/* End XCRemoteSwiftPackageReference section */

/* Begin XCSwiftPackageProductDependency section */
		22D77A4029EB7E1900944765 /* Realm */ = {
			isa = XCSwiftPackageProductDependency;
			package = 22D77A3F29EB7E1900944765 /* XCRemoteSwiftPackageReference "realm-swift" */;
			productName = Realm;
		};
		22D77A4229EB7E1900944765 /* RealmSwift */ = {
			isa = XCSwiftPackageProductDependency;
			package = 22D77A3F29EB7E1900944765 /* XCRemoteSwiftPackageReference "realm-swift" */;
			productName = RealmSwift;
		};
/* End XCSwiftPackageProductDependency section */
	};
	rootObject = 22D77A2629EB7D5200944765 /* Project object */;
}
